{
  "pins" : [
    {
      "identity" : "defaults",
      "kind" : "remoteSourceControl",
      "location" : "https://github.com/sindresorhus/Defaults",
      "state" : {
        "revision" : "8584d1d6ed36c195258977f2ed0cf95357efb160"
      }
    },
    {
      "identity" : "jsonpatcher",
      "kind" : "remoteSourceControl",
      "location" : "https://github.com/linearmouse/JSONPatcher.git",
      "state" : {
        "revision" : "fef582b56aff502305e4dbcfabf76cb57b5d4e15"
      }
    },
    {
      "identity" : "lrucache",
      "kind" : "remoteSourceControl",
      "location" : "https://github.com/nicklockwood/LRUCache.git",
      "state" : {
        "revision" : "6d2b5246c9c98dcd498552bb22f08d55b12a8371"
      }
    },
    {
      "identity" : "publishedobject",
      "kind" : "remoteSourceControl",
      "location" : "https://github.com/Amzd/PublishedObject",
      "state" : {
        "revision" : "e61bfde22832ba8dfe9f8be2561838a1512e38af"
      }
    }
  ],
  "version" : 2
}
