// !$*UTF8*$!
{
	archiveVersion = 1;
	classes = {
	};
	objectVersion = 70;
	objects = {

/* Begin PBXBuildFile section */
		9724FACA2A3E04DE00622F5A /* KeyKit in Frameworks */ = {isa = PBXBuildFile; productRef = 9724FAC92A3E04DE00622F5A /* KeyKit */; };
		975979DB2A6BA1A700016EDF /* ObservationToken in Frameworks */ = {isa = PBXBuildFile; productRef = 975979DA2A6BA1A700016EDF /* ObservationToken */; };
		97A7A39C28587E8C00EE4833 /* PointerKit in Frameworks */ = {isa = PBXBuildFile; productRef = 97A7A39B28587E8C00EE4833 /* PointerKit */; };
		97C5D8FF2856E3CB00CBED2D /* GestureKit in Frameworks */ = {isa = PBXBuildFile; productRef = 97C5D8FE2856E3CB00CBED2D /* GestureKit */; };
		97C97728288FC49F009094BA /* DockKit in Frameworks */ = {isa = PBXBuildFile; productRef = 97C97727288FC49F009094BA /* DockKit */; };
		D2D2D2D2D2D2D2D2D2D2D2D2 /* HIDPP in Frameworks */ = {isa = PBXBuildFile; productRef = D1D1D1D1D1D1D1D1D1D1D1D1 /* HIDPP */; };
/* End PBXBuildFile section */

/* Begin PBXContainerItemProxy section */
		B7ADF9992748ED620005B02D /* PBXContainerItemProxy */ = {
			isa = PBXContainerItemProxy;
			containerPortal = B75A06102671E9D800BEAF77 /* Project object */;
			proxyType = 1;
			remoteGlobalIDString = B75A06172671E9D800BEAF77;
			remoteInfo = LinearMouse;
		};
/* End PBXContainerItemProxy section */

/* Begin PBXFileReference section */
		B716F16226BC18AB0052F551 /* README.md */ = {isa = PBXFileReference; lastKnownFileType = net.daringfireball.markdown; path = README.md; sourceTree = SOURCE_ROOT; };
		B716F16326BC19350052F551 /* LICENSE */ = {isa = PBXFileReference; lastKnownFileType = text; path = LICENSE; sourceTree = "<group>"; };
		B75A06182671E9D800BEAF77 /* LinearMouse.app */ = {isa = PBXFileReference; explicitFileType = wrapper.application; includeInIndex = 0; path = LinearMouse.app; sourceTree = BUILT_PRODUCTS_DIR; };
		B7ADF9952748ED620005B02D /* LinearMouseUnitTests.xctest */ = {isa = PBXFileReference; explicitFileType = wrapper.cfbundle; includeInIndex = 0; path = LinearMouseUnitTests.xctest; sourceTree = BUILT_PRODUCTS_DIR; };
		B7CD86AB27B38B26006C5C37 /* Config.xcconfig */ = {isa = PBXFileReference; lastKnownFileType = text.xcconfig; path = Config.xcconfig; sourceTree = "<group>"; };
/* End PBXFileReference section */

/* Begin PBXFileSystemSynchronizedBuildFileExceptionSet section */
		973B4AE52CCDF18A0029D1CA /* PBXFileSystemSynchronizedBuildFileExceptionSet */ = {
			isa = PBXFileSystemSynchronizedBuildFileExceptionSet;
			membershipExceptions = (
				Info.plist,
			);
			target = B75A06172671E9D800BEAF77 /* LinearMouse */;
		};
/* End PBXFileSystemSynchronizedBuildFileExceptionSet section */

/* Begin PBXFileSystemSynchronizedRootGroup section */
		973B49702CCDF1550029D1CA /* Modules */ = {isa = PBXFileSystemSynchronizedRootGroup; explicitFileTypes = {}; explicitFolders = (); path = Modules; sourceTree = "<group>"; };
		973B497D2CCDF15F0029D1CA /* LinearMouseUnitTests */ = {isa = PBXFileSystemSynchronizedRootGroup; explicitFileTypes = {}; explicitFolders = (); path = LinearMouseUnitTests; sourceTree = "<group>"; };
		973B4A692CCDF18A0029D1CA /* LinearMouse */ = {isa = PBXFileSystemSynchronizedRootGroup; exceptions = (973B4AE52CCDF18A0029D1CA /* PBXFileSystemSynchronizedBuildFileExceptionSet */, ); explicitFileTypes = {}; explicitFolders = (); path = LinearMouse; sourceTree = "<group>"; };
/* End PBXFileSystemSynchronizedRootGroup section */

/* Begin PBXFrameworksBuildPhase section */
		B75A06152671E9D800BEAF77 /* Frameworks */ = {
			isa = PBXFrameworksBuildPhase;
			buildActionMask = 2147483647;
			files = (
				9724FACA2A3E04DE00622F5A /* KeyKit in Frameworks */,
				97C97728288FC49F009094BA /* DockKit in Frameworks */,
				97A7A39C28587E8C00EE4833 /* PointerKit in Frameworks */,
				D2D2D2D2D2D2D2D2D2D2D2D2 /* HIDPP in Frameworks */,
				97C5D8FF2856E3CB00CBED2D /* GestureKit in Frameworks */,
				975979DB2A6BA1A700016EDF /* ObservationToken in Frameworks */,
			);
			runOnlyForDeploymentPostprocessing = 0;
		};
		B7ADF9922748ED620005B02D /* Frameworks */ = {
			isa = PBXFrameworksBuildPhase;
			buildActionMask = 2147483647;
			files = (
			);
			runOnlyForDeploymentPostprocessing = 0;
		};
/* End PBXFrameworksBuildPhase section */

/* Begin PBXGroup section */
		97C5D8F72856E18900CBED2D /* Frameworks */ = {
			isa = PBXGroup;
			children = (
			);
			name = Frameworks;
			sourceTree = "<group>";
		};
		B75A060F2671E9D800BEAF77 = {
			isa = PBXGroup;
			children = (
				B7CD86AB27B38B26006C5C37 /* Config.xcconfig */,
				973B4A692CCDF18A0029D1CA /* LinearMouse */,
				973B49702CCDF1550029D1CA /* Modules */,
				B716F16326BC19350052F551 /* LICENSE */,
				B716F16226BC18AB0052F551 /* README.md */,
				973B497D2CCDF15F0029D1CA /* LinearMouseUnitTests */,
				B75A06192671E9D800BEAF77 /* Products */,
				97C5D8F72856E18900CBED2D /* Frameworks */,
			);
			indentWidth = 4;
			sourceTree = "<group>";
			tabWidth = 4;
		};
		B75A06192671E9D800BEAF77 /* Products */ = {
			isa = PBXGroup;
			children = (
				B75A06182671E9D800BEAF77 /* LinearMouse.app */,
				B7ADF9952748ED620005B02D /* LinearMouseUnitTests.xctest */,
			);
			name = Products;
			sourceTree = "<group>";
		};
/* End PBXGroup section */

/* Begin PBXNativeTarget section */
		B75A06172671E9D800BEAF77 /* LinearMouse */ = {
			isa = PBXNativeTarget;
			buildConfigurationList = B75A062B2671E9DA00BEAF77 /* Build configuration list for PBXNativeTarget "LinearMouse" */;
			buildPhases = (
				B75A06142671E9D800BEAF77 /* Sources */,
				B75A06152671E9D800BEAF77 /* Frameworks */,
				B75A06162671E9D800BEAF77 /* Resources */,
			);
			buildRules = (
			);
			dependencies = (
			);
			fileSystemSynchronizedGroups = (
				973B4A692CCDF18A0029D1CA /* LinearMouse */,
			);
			name = LinearMouse;
			packageProductDependencies = (
				97C5D8FE2856E3CB00CBED2D /* GestureKit */,
				97A7A39B28587E8C00EE4833 /* PointerKit */,
				D1D1D1D1D1D1D1D1D1D1D1D1 /* HIDPP */,
				97C97727288FC49F009094BA /* DockKit */,
				9724FAC92A3E04DE00622F5A /* KeyKit */,
				975979DA2A6BA1A700016EDF /* ObservationToken */,
			);
			productName = LinearMouse;
			productReference = B75A06182671E9D800BEAF77 /* LinearMouse.app */;
			productType = "com.apple.product-type.application";
		};
		B7ADF9942748ED620005B02D /* LinearMouseUnitTests */ = {
			isa = PBXNativeTarget;
			buildConfigurationList = B7ADF99D2748ED620005B02D /* Build configuration list for PBXNativeTarget "LinearMouseUnitTests" */;
			buildPhases = (
				B7ADF9912748ED620005B02D /* Sources */,
				B7ADF9922748ED620005B02D /* Frameworks */,
				B7ADF9932748ED620005B02D /* Resources */,
			);
			buildRules = (
			);
			dependencies = (
				B7ADF99A2748ED620005B02D /* PBXTargetDependency */,
			);
			fileSystemSynchronizedGroups = (
				973B497D2CCDF15F0029D1CA /* LinearMouseUnitTests */,
			);
			name = LinearMouseUnitTests;
			productName = LinearMouseUnitTests;
			productReference = B7ADF9952748ED620005B02D /* LinearMouseUnitTests.xctest */;
			productType = "com.apple.product-type.bundle.unit-test";
		};
/* End PBXNativeTarget section */

/* Begin PBXProject section */
		B75A06102671E9D800BEAF77 /* Project object */ = {
			isa = PBXProject;
			attributes = {
				LastSwiftUpdateCheck = 1310;
				LastUpgradeCheck = 1420;
				TargetAttributes = {
					B75A06172671E9D800BEAF77 = {
						CreatedOnToolsVersion = 12.5;
					};
					B7ADF9942748ED620005B02D = {
						CreatedOnToolsVersion = 13.1;
						TestTargetID = B75A06172671E9D800BEAF77;
					};
				};
			};
			buildConfigurationList = B75A06132671E9D800BEAF77 /* Build configuration list for PBXProject "LinearMouse" */;
			compatibilityVersion = "Xcode 9.3";
			developmentRegion = en;
			hasScannedForEncodings = 0;
			knownRegions = (
				en,
				Base,
			);
			mainGroup = B75A060F2671E9D800BEAF77;
			packageReferences = (
				A31C6E9D8B7F4101BFEA0001 /* XCLocalSwiftPackageReference "Modules/KeyKit" */,
				A31C6E9D8B7F4101BFEA0002 /* XCLocalSwiftPackageReference "Modules/DockKit" */,
				A31C6E9D8B7F4101BFEA0003 /* XCLocalSwiftPackageReference "Modules/PointerKit" */,
				A31C6E9D8B7F4101BFEA0004 /* XCLocalSwiftPackageReference "Modules/HIDPP" */,
				A31C6E9D8B7F4101BFEA0005 /* XCLocalSwiftPackageReference "Modules/GestureKit" */,
				A31C6E9D8B7F4101BFEA0006 /* XCLocalSwiftPackageReference "Modules/ObservationToken" */,
			);
			productRefGroup = B75A06192671E9D800BEAF77 /* Products */;
			projectDirPath = "";
			projectRoot = "";
			targets = (
				B75A06172671E9D800BEAF77 /* LinearMouse */,
				B7ADF9942748ED620005B02D /* LinearMouseUnitTests */,
			);
		};
/* End PBXProject section */

/* Begin PBXResourcesBuildPhase section */
		B75A06162671E9D800BEAF77 /* Resources */ = {
			isa = PBXResourcesBuildPhase;
			buildActionMask = 2147483647;
			files = (
			);
			runOnlyForDeploymentPostprocessing = 0;
		};
		B7ADF9932748ED620005B02D /* Resources */ = {
			isa = PBXResourcesBuildPhase;
			buildActionMask = 2147483647;
			files = (
			);
			runOnlyForDeploymentPostprocessing = 0;
		};
/* End PBXResourcesBuildPhase section */

/* Begin PBXSourcesBuildPhase section */
		B75A06142671E9D800BEAF77 /* Sources */ = {
			isa = PBXSourcesBuildPhase;
			buildActionMask = 2147483647;
			files = (
			);
			runOnlyForDeploymentPostprocessing = 0;
		};
		B7ADF9912748ED620005B02D /* Sources */ = {
			isa = PBXSourcesBuildPhase;
			buildActionMask = 2147483647;
			files = (
			);
			runOnlyForDeploymentPostprocessing = 0;
		};
/* End PBXSourcesBuildPhase section */

/* Begin PBXTargetDependency section */
		B7ADF99A2748ED620005B02D /* PBXTargetDependency */ = {
			isa = PBXTargetDependency;
			target = B75A06172671E9D800BEAF77 /* LinearMouse */;
			targetProxy = B7ADF9992748ED620005B02D /* PBXContainerItemProxy */;
		};
/* End PBXTargetDependency section */

/* Begin XCBuildConfiguration section */
		B75A06292671E9DA00BEAF77 /* Debug */ = {
			isa = XCBuildConfiguration;
			baseConfigurationReference = B7CD86AB27B38B26006C5C37 /* Config.xcconfig */;
			buildSettings = {
				ALWAYS_SEARCH_USER_PATHS = NO;
				CLANG_ANALYZER_LOCALIZABILITY_NONLOCALIZED = YES;
				CLANG_ANALYZER_NONNULL = YES;
				CLANG_ANALYZER_NUMBER_OBJECT_CONVERSION = YES_AGGRESSIVE;
				CLANG_CXX_LANGUAGE_STANDARD = "gnu++14";
				CLANG_CXX_LIBRARY = "libc++";
				CLANG_ENABLE_MODULES = YES;
				CLANG_ENABLE_OBJC_ARC = YES;
				CLANG_ENABLE_OBJC_WEAK = YES;
				CLANG_WARN_BLOCK_CAPTURE_AUTORELEASING = YES;
				CLANG_WARN_BOOL_CONVERSION = YES;
				CLANG_WARN_COMMA = YES;
				CLANG_WARN_CONSTANT_CONVERSION = YES;
				CLANG_WARN_DEPRECATED_OBJC_IMPLEMENTATIONS = YES;
				CLANG_WARN_DIRECT_OBJC_ISA_USAGE = YES_ERROR;
				CLANG_WARN_DOCUMENTATION_COMMENTS = YES;
				CLANG_WARN_EMPTY_BODY = YES;
				CLANG_WARN_ENUM_CONVERSION = YES;
				CLANG_WARN_INFINITE_RECURSION = YES;
				CLANG_WARN_INT_CONVERSION = YES;
				CLANG_WARN_NON_LITERAL_NULL_CONVERSION = YES;
				CLANG_WARN_OBJC_IMPLICIT_RETAIN_SELF = YES;
				CLANG_WARN_OBJC_LITERAL_CONVERSION = YES;
				CLANG_WARN_OBJC_ROOT_CLASS = YES_ERROR;
				CLANG_WARN_QUOTED_INCLUDE_IN_FRAMEWORK_HEADER = YES;
				CLANG_WARN_RANGE_LOOP_ANALYSIS = YES;
				CLANG_WARN_STRICT_PROTOTYPES = YES;
				CLANG_WARN_SUSPICIOUS_MOVE = YES;
				CLANG_WARN_UNGUARDED_AVAILABILITY = YES_AGGRESSIVE;
				CLANG_WARN_UNREACHABLE_CODE = YES;
				CLANG_WARN__DUPLICATE_METHOD_MATCH = YES;
				COPY_PHASE_STRIP = NO;
				DEAD_CODE_STRIPPING = YES;
				DEBUG_INFORMATION_FORMAT = dwarf;
				ENABLE_STRICT_OBJC_MSGSEND = YES;
				ENABLE_TESTABILITY = YES;
				GCC_C_LANGUAGE_STANDARD = gnu11;
				GCC_DYNAMIC_NO_PIC = NO;
				GCC_NO_COMMON_BLOCKS = YES;
				GCC_OPTIMIZATION_LEVEL = 0;
				GCC_PREPROCESSOR_DEFINITIONS = (
					"DEBUG=1",
					"$(inherited)",
				);
				GCC_WARN_64_TO_32_BIT_CONVERSION = YES;
				GCC_WARN_ABOUT_RETURN_TYPE = YES_ERROR;
				GCC_WARN_UNDECLARED_SELECTOR = YES;
				GCC_WARN_UNINITIALIZED_AUTOS = YES_AGGRESSIVE;
				GCC_WARN_UNUSED_FUNCTION = YES;
				GCC_WARN_UNUSED_VARIABLE = YES;
				MACOSX_DEPLOYMENT_TARGET = "$(LM_DEPLOYMENT_TARGET)";
				MTL_ENABLE_DEBUG_INFO = INCLUDE_SOURCE;
				MTL_FAST_MATH = YES;
				ONLY_ACTIVE_ARCH = YES;
				SDKROOT = macosx;
				SWIFT_ACTIVE_COMPILATION_CONDITIONS = DEBUG;
				SWIFT_EMIT_LOC_STRINGS = YES;
				SWIFT_OPTIMIZATION_LEVEL = "-Onone";
			};
			name = Debug;
		};
		B75A062A2671E9DA00BEAF77 /* Release */ = {
			isa = XCBuildConfiguration;
			baseConfigurationReference = B7CD86AB27B38B26006C5C37 /* Config.xcconfig */;
			buildSettings = {
				ALWAYS_SEARCH_USER_PATHS = NO;
				CLANG_ANALYZER_LOCALIZABILITY_NONLOCALIZED = YES;
				CLANG_ANALYZER_NONNULL = YES;
				CLANG_ANALYZER_NUMBER_OBJECT_CONVERSION = YES_AGGRESSIVE;
				CLANG_CXX_LANGUAGE_STANDARD = "gnu++14";
				CLANG_CXX_LIBRARY = "libc++";
				CLANG_ENABLE_MODULES = YES;
				CLANG_ENABLE_OBJC_ARC = YES;
				CLANG_ENABLE_OBJC_WEAK = YES;
				CLANG_WARN_BLOCK_CAPTURE_AUTORELEASING = YES;
				CLANG_WARN_BOOL_CONVERSION = YES;
				CLANG_WARN_COMMA = YES;
				CLANG_WARN_CONSTANT_CONVERSION = YES;
				CLANG_WARN_DEPRECATED_OBJC_IMPLEMENTATIONS = YES;
				CLANG_WARN_DIRECT_OBJC_ISA_USAGE = YES_ERROR;
				CLANG_WARN_DOCUMENTATION_COMMENTS = YES;
				CLANG_WARN_EMPTY_BODY = YES;
				CLANG_WARN_ENUM_CONVERSION = YES;
				CLANG_WARN_INFINITE_RECURSION = YES;
				CLANG_WARN_INT_CONVERSION = YES;
				CLANG_WARN_NON_LITERAL_NULL_CONVERSION = YES;
				CLANG_WARN_OBJC_IMPLICIT_RETAIN_SELF = YES;
				CLANG_WARN_OBJC_LITERAL_CONVERSION = YES;
				CLANG_WARN_OBJC_ROOT_CLASS = YES_ERROR;
				CLANG_WARN_QUOTED_INCLUDE_IN_FRAMEWORK_HEADER = YES;
				CLANG_WARN_RANGE_LOOP_ANALYSIS = YES;
				CLANG_WARN_STRICT_PROTOTYPES = YES;
				CLANG_WARN_SUSPICIOUS_MOVE = YES;
				CLANG_WARN_UNGUARDED_AVAILABILITY = YES_AGGRESSIVE;
				CLANG_WARN_UNREACHABLE_CODE = YES;
				CLANG_WARN__DUPLICATE_METHOD_MATCH = YES;
				COPY_PHASE_STRIP = NO;
				DEAD_CODE_STRIPPING = YES;
				DEBUG_INFORMATION_FORMAT = "dwarf-with-dsym";
				ENABLE_NS_ASSERTIONS = NO;
				ENABLE_STRICT_OBJC_MSGSEND = YES;
				GCC_C_LANGUAGE_STANDARD = gnu11;
				GCC_NO_COMMON_BLOCKS = YES;
				GCC_WARN_64_TO_32_BIT_CONVERSION = YES;
				GCC_WARN_ABOUT_RETURN_TYPE = YES_ERROR;
				GCC_WARN_UNDECLARED_SELECTOR = YES;
				GCC_WARN_UNINITIALIZED_AUTOS = YES_AGGRESSIVE;
				GCC_WARN_UNUSED_FUNCTION = YES;
				GCC_WARN_UNUSED_VARIABLE = YES;
				MACOSX_DEPLOYMENT_TARGET = "$(LM_DEPLOYMENT_TARGET)";
				MTL_ENABLE_DEBUG_INFO = NO;
				MTL_FAST_MATH = YES;
				ONLY_ACTIVE_ARCH = NO;
				SDKROOT = macosx;
				SWIFT_COMPILATION_MODE = wholemodule;
				SWIFT_EMIT_LOC_STRINGS = YES;
				SWIFT_OPTIMIZATION_LEVEL = "-O";
			};
			name = Release;
		};
		B75A062C2671E9DA00BEAF77 /* Debug */ = {
			isa = XCBuildConfiguration;
			buildSettings = {
				ASSETCATALOG_COMPILER_GLOBAL_ACCENT_COLOR_NAME = AccentColor;
				COMBINE_HIDPI_IMAGES = YES;
				DEVELOPMENT_ASSET_PATHS = "";
				ENABLE_HARDENED_RUNTIME = YES;
				ENABLE_PREVIEWS = YES;
				INFOPLIST_FILE = LinearMouse/Info.plist;
				INFOPLIST_KEY_LSApplicationCategoryType = "public.app-category.utilities";
				LD_RUNPATH_SEARCH_PATHS = (
					"$(inherited)",
					"@executable_path/../Frameworks",
				);
				MACOSX_DEPLOYMENT_TARGET = "$(LM_DEPLOYMENT_TARGET)";
				PRODUCT_NAME = "$(TARGET_NAME)";
				PROVISIONING_PROFILE_SPECIFIER = "";
				SWIFT_OBJC_BRIDGING_HEADER = "LinearMouse/LinearMouse-Bridging-Header.h";
				SWIFT_VERSION = 5.0;
			};
			name = Debug;
		};
		B75A062D2671E9DA00BEAF77 /* Release */ = {
			isa = XCBuildConfiguration;
			buildSettings = {
				ASSETCATALOG_COMPILER_GLOBAL_ACCENT_COLOR_NAME = AccentColor;
				CODE_SIGN_INJECT_BASE_ENTITLEMENTS = NO;
				COMBINE_HIDPI_IMAGES = YES;
				DEVELOPMENT_ASSET_PATHS = "";
				ENABLE_HARDENED_RUNTIME = YES;
				ENABLE_PREVIEWS = YES;
				INFOPLIST_FILE = LinearMouse/Info.plist;
				INFOPLIST_KEY_LSApplicationCategoryType = "public.app-category.utilities";
				LD_RUNPATH_SEARCH_PATHS = (
					"$(inherited)",
					"@executable_path/../Frameworks",
				);
				MACOSX_DEPLOYMENT_TARGET = "$(LM_DEPLOYMENT_TARGET)";
				PRODUCT_NAME = "$(TARGET_NAME)";
				PROVISIONING_PROFILE_SPECIFIER = "";
				SWIFT_OBJC_BRIDGING_HEADER = "LinearMouse/LinearMouse-Bridging-Header.h";
				SWIFT_VERSION = 5.0;
			};
			name = Release;
		};
		B7ADF99B2748ED620005B02D /* Debug */ = {
			isa = XCBuildConfiguration;
			buildSettings = {
				BUNDLE_LOADER = "$(TEST_HOST)";
				CLANG_CXX_LANGUAGE_STANDARD = "gnu++17";
				COMBINE_HIDPI_IMAGES = YES;
				CURRENT_PROJECT_VERSION = 1;
				GENERATE_INFOPLIST_FILE = YES;
				LD_RUNPATH_SEARCH_PATHS = (
					"$(inherited)",
					"@executable_path/../Frameworks",
					"@loader_path/../Frameworks",
				);
				MACOSX_DEPLOYMENT_TARGET = 13.0;
				MARKETING_VERSION = 1.0;
				PRODUCT_BUNDLE_IDENTIFIER = com.lujjjh.LinearMouseUnitTests;
				PRODUCT_NAME = "$(TARGET_NAME)";
				SWIFT_EMIT_LOC_STRINGS = NO;
				SWIFT_VERSION = 5.0;
				TEST_HOST = "$(BUILT_PRODUCTS_DIR)/LinearMouse.app/Contents/MacOS/LinearMouse";
			};
			name = Debug;
		};
		B7ADF99C2748ED620005B02D /* Release */ = {
			isa = XCBuildConfiguration;
			buildSettings = {
				BUNDLE_LOADER = "$(TEST_HOST)";
				CLANG_CXX_LANGUAGE_STANDARD = "gnu++17";
				COMBINE_HIDPI_IMAGES = YES;
				CURRENT_PROJECT_VERSION = 1;
				GENERATE_INFOPLIST_FILE = YES;
				LD_RUNPATH_SEARCH_PATHS = (
					"$(inherited)",
					"@executable_path/../Frameworks",
					"@loader_path/../Frameworks",
				);
				MACOSX_DEPLOYMENT_TARGET = 13.0;
				MARKETING_VERSION = 1.0;
				PRODUCT_BUNDLE_IDENTIFIER = com.lujjjh.LinearMouseUnitTests;
				PRODUCT_NAME = "$(TARGET_NAME)";
				SWIFT_EMIT_LOC_STRINGS = NO;
				SWIFT_VERSION = 5.0;
				TEST_HOST = "$(BUILT_PRODUCTS_DIR)/LinearMouse.app/Contents/MacOS/LinearMouse";
			};
			name = Release;
		};
/* End XCBuildConfiguration section */

/* Begin XCConfigurationList section */
		B75A06132671E9D800BEAF77 /* Build configuration list for PBXProject "LinearMouse" */ = {
			isa = XCConfigurationList;
			buildConfigurations = (
				B75A06292671E9DA00BEAF77 /* Debug */,
				B75A062A2671E9DA00BEAF77 /* Release */,
			);
			defaultConfigurationIsVisible = 0;
			defaultConfigurationName = Release;
		};
		B75A062B2671E9DA00BEAF77 /* Build configuration list for PBXNativeTarget "LinearMouse" */ = {
			isa = XCConfigurationList;
			buildConfigurations = (
				B75A062C2671E9DA00BEAF77 /* Debug */,
				B75A062D2671E9DA00BEAF77 /* Release */,
			);
			defaultConfigurationIsVisible = 0;
			defaultConfigurationName = Release;
		};
		B7ADF99D2748ED620005B02D /* Build configuration list for PBXNativeTarget "LinearMouseUnitTests" */ = {
			isa = XCConfigurationList;
			buildConfigurations = (
				B7ADF99B2748ED620005B02D /* Debug */,
				B7ADF99C2748ED620005B02D /* Release */,
			);
			defaultConfigurationIsVisible = 0;
			defaultConfigurationName = Release;
		};
/* End XCConfigurationList section */

/* Begin XCLocalSwiftPackageReference section */
		A31C6E9D8B7F4101BFEA0001 /* XCLocalSwiftPackageReference "Modules/KeyKit" */ = {
			isa = XCLocalSwiftPackageReference;
			relativePath = Modules/KeyKit;
		};
		A31C6E9D8B7F4101BFEA0002 /* XCLocalSwiftPackageReference "Modules/DockKit" */ = {
			isa = XCLocalSwiftPackageReference;
			relativePath = Modules/DockKit;
		};
		A31C6E9D8B7F4101BFEA0003 /* XCLocalSwiftPackageReference "Modules/PointerKit" */ = {
			isa = XCLocalSwiftPackageReference;
			relativePath = Modules/PointerKit;
		};
		A31C6E9D8B7F4101BFEA0004 /* XCLocalSwiftPackageReference "Modules/HIDPP" */ = {
			isa = XCLocalSwiftPackageReference;
			relativePath = Modules/HIDPP;
		};
		A31C6E9D8B7F4101BFEA0005 /* XCLocalSwiftPackageReference "Modules/GestureKit" */ = {
			isa = XCLocalSwiftPackageReference;
			relativePath = Modules/GestureKit;
		};
		A31C6E9D8B7F4101BFEA0006 /* XCLocalSwiftPackageReference "Modules/ObservationToken" */ = {
			isa = XCLocalSwiftPackageReference;
			relativePath = Modules/ObservationToken;
		};
/* End XCLocalSwiftPackageReference section */

/* Begin XCSwiftPackageProductDependency section */
		9724FAC92A3E04DE00622F5A /* KeyKit */ = {
			isa = XCSwiftPackageProductDependency;
			package = A31C6E9D8B7F4101BFEA0001 /* XCLocalSwiftPackageReference "Modules/KeyKit" */;
			productName = KeyKit;
		};
		975979DA2A6BA1A700016EDF /* ObservationToken */ = {
			isa = XCSwiftPackageProductDependency;
			package = A31C6E9D8B7F4101BFEA0006 /* XCLocalSwiftPackageReference "Modules/ObservationToken" */;
			productName = ObservationToken;
		};
		97A7A39B28587E8C00EE4833 /* PointerKit */ = {
			isa = XCSwiftPackageProductDependency;
			package = A31C6E9D8B7F4101BFEA0003 /* XCLocalSwiftPackageReference "Modules/PointerKit" */;
			productName = PointerKit;
		};
		D1D1D1D1D1D1D1D1D1D1D1D1 /* HIDPP */ = {
			isa = XCSwiftPackageProductDependency;
			package = A31C6E9D8B7F4101BFEA0004 /* XCLocalSwiftPackageReference "Modules/HIDPP" */;
			productName = HIDPP;
		};
		97C5D8FE2856E3CB00CBED2D /* GestureKit */ = {
			isa = XCSwiftPackageProductDependency;
			package = A31C6E9D8B7F4101BFEA0005 /* XCLocalSwiftPackageReference "Modules/GestureKit" */;
			productName = GestureKit;
		};
		97C97727288FC49F009094BA /* DockKit */ = {
			isa = XCSwiftPackageProductDependency;
			package = A31C6E9D8B7F4101BFEA0002 /* XCLocalSwiftPackageReference "Modules/DockKit" */;
			productName = DockKit;
		};
/* End XCSwiftPackageProductDependency section */
	};
	rootObject = B75A06102671E9D800BEAF77 /* Project object */;
}
